
Microsoft Visual Studio Solution File, Format Version 12.00
# Visual Studio Version 17
VisualStudioVersion = 17.3.32929.385
MinimumVisualStudioVersion = 10.0.40219.1
Project("{FAE04EC0-301F-11D3-BF4B-00C04F79EFBC}") = "10-) Döngüler-1", "10-) Döngüler-1\10-) Döngüler-1.csproj", "{4FD195F4-BA1A-4D3B-8441-8DBB99FFF1E2}"
EndProject
Global
	GlobalSection(SolutionConfigurationPlatforms) = preSolution
		Debug|Any CPU = Debug|Any CPU
		Release|Any CPU = Release|Any CPU
	EndGlobalSection
	GlobalSection(ProjectConfigurationPlatforms) = postSolution
		{4FD195F4-BA1A-4D3B-8441-8DBB99FFF1E2}.Debug|Any CPU.ActiveCfg = Debug|Any CPU
		{4FD195F4-BA1A-4D3B-8441-8DBB99FFF1E2}.Debug|Any CPU.Build.0 = Debug|Any CPU
		{4FD195F4-BA1A-4D3B-8441-8DBB99FFF1E2}.Release|Any CPU.ActiveCfg = Release|Any CPU
		{4FD195F4-BA1A-4D3B-8441-8DBB99FFF1E2}.Release|Any CPU.Build.0 = Release|Any CPU
	EndGlobalSection
	GlobalSection(SolutionProperties) = preSolution
		HideSolutionNode = FALSE
	EndGlobalSection
	GlobalSection(ExtensibilityGlobals) = postSolution
		SolutionGuid = {55867438-E844-467E-80F5-618212074CA1}
	EndGlobalSection
EndGlobal
