
Microsoft Visual Studio Solution File, Format Version 12.00
# Visual Studio Version 17
VisualStudioVersion = 17.3.32929.385
MinimumVisualStudioVersion = 10.0.40219.1
Project("{FAE04EC0-301F-11D3-BF4B-00C04F79EFBC}") = "25.2-) Yıldızlarla Şekil Çizme", "25.2-) Yıldızlarla Şekil Çizme\25.2-) Yıldızlarla Şekil Çizme.csproj", "{7F02402A-8B32-4E5F-BC1A-A5BCF0399A0A}"
EndProject
Global
	GlobalSection(SolutionConfigurationPlatforms) = preSolution
		Debug|Any CPU = Debug|Any CPU
		Release|Any CPU = Release|Any CPU
	EndGlobalSection
	GlobalSection(ProjectConfigurationPlatforms) = postSolution
		{7F02402A-8B32-4E5F-BC1A-A5BCF0399A0A}.Debug|Any CPU.ActiveCfg = Debug|Any CPU
		{7F02402A-8B32-4E5F-BC1A-A5BCF0399A0A}.Debug|Any CPU.Build.0 = Debug|Any CPU
		{7F02402A-8B32-4E5F-BC1A-A5BCF0399A0A}.Release|Any CPU.ActiveCfg = Release|Any CPU
		{7F02402A-8B32-4E5F-BC1A-A5BCF0399A0A}.Release|Any CPU.Build.0 = Release|Any CPU
	EndGlobalSection
	GlobalSection(SolutionProperties) = preSolution
		HideSolutionNode = FALSE
	EndGlobalSection
	GlobalSection(ExtensibilityGlobals) = postSolution
		SolutionGuid = {F462F501-BEBA-47B2-80BB-3359C05D4A98}
	EndGlobalSection
EndGlobal
