
Microsoft Visual Studio Solution File, Format Version 12.00
# Visual Studio Version 17
VisualStudioVersion = 17.3.32929.385
MinimumVisualStudioVersion = 10.0.40219.1
Project("{FAE04EC0-301F-11D3-BF4B-00C04F79EFBC}") = "8-) İf_Else Yapısı-3", "8-) İf_Else Yapısı-3\8-) İf_Else Yapısı-3.csproj", "{A01EF50D-98C3-4E91-9A21-913F139A5E8E}"
EndProject
Global
	GlobalSection(SolutionConfigurationPlatforms) = preSolution
		Debug|Any CPU = Debug|Any CPU
		Release|Any CPU = Release|Any CPU
	EndGlobalSection
	GlobalSection(ProjectConfigurationPlatforms) = postSolution
		{A01EF50D-98C3-4E91-9A21-913F139A5E8E}.Debug|Any CPU.ActiveCfg = Debug|Any CPU
		{A01EF50D-98C3-4E91-9A21-913F139A5E8E}.Debug|Any CPU.Build.0 = Debug|Any CPU
		{A01EF50D-98C3-4E91-9A21-913F139A5E8E}.Release|Any CPU.ActiveCfg = Release|Any CPU
		{A01EF50D-98C3-4E91-9A21-913F139A5E8E}.Release|Any CPU.Build.0 = Release|Any CPU
	EndGlobalSection
	GlobalSection(SolutionProperties) = preSolution
		HideSolutionNode = FALSE
	EndGlobalSection
	GlobalSection(ExtensibilityGlobals) = postSolution
		SolutionGuid = {A0340249-26A4-4CEF-9AA8-ECE400E0B411}
	EndGlobalSection
EndGlobal
