
Microsoft Visual Studio Solution File, Format Version 12.00
# Visual Studio Version 17
VisualStudioVersion = 17.3.32929.385
MinimumVisualStudioVersion = 10.0.40219.1
Project("{FAE04EC0-301F-11D3-BF4B-00C04F79EFBC}") = "9-) Switch Case Yapısı", "9-) Switch Case Yapısı\9-) Switch Case Yapısı.csproj", "{BFD73845-54C1-4485-A9F3-B0413BC34924}"
EndProject
Global
	GlobalSection(SolutionConfigurationPlatforms) = preSolution
		Debug|Any CPU = Debug|Any CPU
		Release|Any CPU = Release|Any CPU
	EndGlobalSection
	GlobalSection(ProjectConfigurationPlatforms) = postSolution
		{BFD73845-54C1-4485-A9F3-B0413BC34924}.Debug|Any CPU.ActiveCfg = Debug|Any CPU
		{BFD73845-54C1-4485-A9F3-B0413BC34924}.Debug|Any CPU.Build.0 = Debug|Any CPU
		{BFD73845-54C1-4485-A9F3-B0413BC34924}.Release|Any CPU.ActiveCfg = Release|Any CPU
		{BFD73845-54C1-4485-A9F3-B0413BC34924}.Release|Any CPU.Build.0 = Release|Any CPU
	EndGlobalSection
	GlobalSection(SolutionProperties) = preSolution
		HideSolutionNode = FALSE
	EndGlobalSection
	GlobalSection(ExtensibilityGlobals) = postSolution
		SolutionGuid = {3F286DED-4D5B-4DD7-B34D-3A700C9016DD}
	EndGlobalSection
EndGlobal
